
Microsoft Visual Studio Solution File, Format Version 12.00
# Visual Studio 15
VisualStudioVersion = 15.0.28307.271
MinimumVisualStudioVersion = 10.0.40219.1
Project("{FAE04EC0-301F-11D3-BF4B-00C04F79EFBC}") = "WinFormsSignalRAppl.Client", "WinFormsSignalRAppl.Client\WinFormsSignalRAppl.Client.csproj", "{0B816041-4755-4316-8FBE-FF9F44FA7B5D}"
EndProject
Project("{FAE04EC0-301F-11D3-BF4B-00C04F79EFBC}") = "WinFormsSignalRAppl.Server", "WinFormsSignalRAppl.Server\WinFormsSignalRAppl.Server.csproj", "{ADB73284-E6C7-4429-8052-98036BE8533E}"
EndProject
Global
	GlobalSection(SolutionConfigurationPlatforms) = preSolution
		Debug|Any CPU = Debug|Any CPU
		Release|Any CPU = Release|Any CPU
	EndGlobalSection
	GlobalSection(ProjectConfigurationPlatforms) = postSolution
		{0B816041-4755-4316-8FBE-FF9F44FA7B5D}.Debug|Any CPU.ActiveCfg = Debug|Any CPU
		{0B816041-4755-4316-8FBE-FF9F44FA7B5D}.Debug|Any CPU.Build.0 = Debug|Any CPU
		{0B816041-4755-4316-8FBE-FF9F44FA7B5D}.Release|Any CPU.ActiveCfg = Release|Any CPU
		{0B816041-4755-4316-8FBE-FF9F44FA7B5D}.Release|Any CPU.Build.0 = Release|Any CPU
		{ADB73284-E6C7-4429-8052-98036BE8533E}.Debug|Any CPU.ActiveCfg = Debug|Any CPU
		{ADB73284-E6C7-4429-8052-98036BE8533E}.Debug|Any CPU.Build.0 = Debug|Any CPU
		{ADB73284-E6C7-4429-8052-98036BE8533E}.Release|Any CPU.ActiveCfg = Release|Any CPU
		{ADB73284-E6C7-4429-8052-98036BE8533E}.Release|Any CPU.Build.0 = Release|Any CPU
	EndGlobalSection
	GlobalSection(SolutionProperties) = preSolution
		HideSolutionNode = FALSE
	EndGlobalSection
	GlobalSection(ExtensibilityGlobals) = postSolution
		SolutionGuid = {CE4212C4-BC7D-4C3C-9B6B-0B6B5535CE95}
	EndGlobalSection
EndGlobal
